
Microsoft Visual Studio Solution File, Format Version 12.00
# Visual Studio Version 16
VisualStudioVersion = 16.0.30406.217
MinimumVisualStudioVersion = 10.0.40219.1
Project("{8BC9CEB8-8B4A-11D0-8D11-00A0C91BC942}") = "send-keys", "send-keys.vcxproj", "{8499C066-BEB7-41DF-B4E5-4EB55FAF5C1F}"
EndProject
Global
	GlobalSection(SolutionConfigurationPlatforms) = preSolution
		Debug|x64 = Debug|x64
		Debug|x86 = Debug|x86
		Release|x64 = Release|x64
		Release|x86 = Release|x86
	EndGlobalSection
	GlobalSection(ProjectConfigurationPlatforms) = postSolution
		{8499C066-BEB7-41DF-B4E5-4EB55FAF5C1F}.Debug|x64.ActiveCfg = Debug|x64
		{8499C066-BEB7-41DF-B4E5-4EB55FAF5C1F}.Debug|x64.Build.0 = Debug|x64
		{8499C066-BEB7-41DF-B4E5-4EB55FAF5C1F}.Debug|x86.ActiveCfg = Debug|Win32
		{8499C066-BEB7-41DF-B4E5-4EB55FAF5C1F}.Debug|x86.Build.0 = Debug|Win32
		{8499C066-BEB7-41DF-B4E5-4EB55FAF5C1F}.Release|x64.ActiveCfg = Release|x64
		{8499C066-BEB7-41DF-B4E5-4EB55FAF5C1F}.Release|x64.Build.0 = Release|x64
		{8499C066-BEB7-41DF-B4E5-4EB55FAF5C1F}.Release|x86.ActiveCfg = Release|Win32
		{8499C066-BEB7-41DF-B4E5-4EB55FAF5C1F}.Release|x86.Build.0 = Release|Win32
	EndGlobalSection
	GlobalSection(SolutionProperties) = preSolution
		HideSolutionNode = FALSE
	EndGlobalSection
	GlobalSection(ExtensibilityGlobals) = postSolution
		SolutionGuid = {CE6D2AB2-255A-47DF-8176-183737F2D5F1}
	EndGlobalSection
EndGlobal
